
Microsoft Visual Studio Solution File, Format Version 12.00
# Visual Studio Version 16
VisualStudioVersion = 16.0.31911.196
MinimumVisualStudioVersion = 10.0.40219.1
Project("{FAE04EC0-301F-11D3-BF4B-00C04F79EFBC}") = "UserConnection", "UserConnection\UserConnection.csproj", "{CDD299DD-6962-4AE3-8AF1-EBE82911A95D}"
EndProject
Global
	GlobalSection(SolutionConfigurationPlatforms) = preSolution
		Debug|Any CPU = Debug|Any CPU
		Release|Any CPU = Release|Any CPU
	EndGlobalSection
	GlobalSection(ProjectConfigurationPlatforms) = postSolution
		{CDD299DD-6962-4AE3-8AF1-EBE82911A95D}.Debug|Any CPU.ActiveCfg = Debug|Any CPU
		{CDD299DD-6962-4AE3-8AF1-EBE82911A95D}.Debug|Any CPU.Build.0 = Debug|Any CPU
		{CDD299DD-6962-4AE3-8AF1-EBE82911A95D}.Release|Any CPU.ActiveCfg = Release|Any CPU
		{CDD299DD-6962-4AE3-8AF1-EBE82911A95D}.Release|Any CPU.Build.0 = Release|Any CPU
	EndGlobalSection
	GlobalSection(SolutionProperties) = preSolution
		HideSolutionNode = FALSE
	EndGlobalSection
	GlobalSection(ExtensibilityGlobals) = postSolution
		SolutionGuid = {21C6F421-BD9E-4003-B8D3-742D9CB76F2E}
	EndGlobalSection
EndGlobal
